
Microsoft Visual Studio Solution File, Format Version 12.00
# Visual Studio Version 16
VisualStudioVersion = 16.0.30320.27
MinimumVisualStudioVersion = 10.0.40219.1
Project("{FAE04EC0-301F-11D3-BF4B-00C04F79EFBC}") = "DotNetPractice_200731.ConsoleApp1", "DotNetPractice_200731.ConsoleApp1\DotNetPractice_200731.ConsoleApp1.csproj", "{1B8BE457-695C-4FDA-84D7-82EDBEBAA2DF}"
EndProject
Project("{FAE04EC0-301F-11D3-BF4B-00C04F79EFBC}") = "FileCopy", "FileCopy\FileCopy.csproj", "{79B518AA-5257-49CB-96C2-FD4AF6024F83}"
EndProject
Project("{FAE04EC0-301F-11D3-BF4B-00C04F79EFBC}") = "MemoryDemo", "MemoryDemo\MemoryDemo.csproj", "{EADC50D1-332B-4F11-B9EC-40D43314FA77}"
EndProject
Project("{FAE04EC0-301F-11D3-BF4B-00C04F79EFBC}") = "AsyncCallbackDemo", "AsyncCallbackDemo\AsyncCallbackDemo.csproj", "{AAC1AFBF-E0B4-4237-81FC-BED96C1F07E7}"
EndProject
Project("{FAE04EC0-301F-11D3-BF4B-00C04F79EFBC}") = "Test_0805", "Test_0805\Test_0805.csproj", "{6031C83C-E153-47DF-BA0E-22F44E451C2B}"
EndProject
Project("{FAE04EC0-301F-11D3-BF4B-00C04F79EFBC}") = "Console_0810", "Console_0810\Console_0810.csproj", "{0BB1904B-F0DB-4F1E-B395-7742A303D8F4}"
EndProject
Project("{FAE04EC0-301F-11D3-BF4B-00C04F79EFBC}") = "Console_0811", "Console_0811\Console_0811.csproj", "{4735DB28-98F9-4B16-9AFB-24FC4467E625}"
EndProject
Project("{FAE04EC0-301F-11D3-BF4B-00C04F79EFBC}") = "console_0813", "console_0813\console_0813.csproj", "{006A0AEF-03E3-4A37-9573-7E8250C16FDE}"
EndProject
Global
	GlobalSection(SolutionConfigurationPlatforms) = preSolution
		Debug|Any CPU = Debug|Any CPU
		Release|Any CPU = Release|Any CPU
	EndGlobalSection
	GlobalSection(ProjectConfigurationPlatforms) = postSolution
		{1B8BE457-695C-4FDA-84D7-82EDBEBAA2DF}.Debug|Any CPU.ActiveCfg = Debug|Any CPU
		{1B8BE457-695C-4FDA-84D7-82EDBEBAA2DF}.Debug|Any CPU.Build.0 = Debug|Any CPU
		{1B8BE457-695C-4FDA-84D7-82EDBEBAA2DF}.Release|Any CPU.ActiveCfg = Release|Any CPU
		{1B8BE457-695C-4FDA-84D7-82EDBEBAA2DF}.Release|Any CPU.Build.0 = Release|Any CPU
		{79B518AA-5257-49CB-96C2-FD4AF6024F83}.Debug|Any CPU.ActiveCfg = Debug|Any CPU
		{79B518AA-5257-49CB-96C2-FD4AF6024F83}.Debug|Any CPU.Build.0 = Debug|Any CPU
		{79B518AA-5257-49CB-96C2-FD4AF6024F83}.Release|Any CPU.ActiveCfg = Release|Any CPU
		{79B518AA-5257-49CB-96C2-FD4AF6024F83}.Release|Any CPU.Build.0 = Release|Any CPU
		{EADC50D1-332B-4F11-B9EC-40D43314FA77}.Debug|Any CPU.ActiveCfg = Debug|Any CPU
		{EADC50D1-332B-4F11-B9EC-40D43314FA77}.Debug|Any CPU.Build.0 = Debug|Any CPU
		{EADC50D1-332B-4F11-B9EC-40D43314FA77}.Release|Any CPU.ActiveCfg = Release|Any CPU
		{EADC50D1-332B-4F11-B9EC-40D43314FA77}.Release|Any CPU.Build.0 = Release|Any CPU
		{AAC1AFBF-E0B4-4237-81FC-BED96C1F07E7}.Debug|Any CPU.ActiveCfg = Debug|Any CPU
		{AAC1AFBF-E0B4-4237-81FC-BED96C1F07E7}.Debug|Any CPU.Build.0 = Debug|Any CPU
		{AAC1AFBF-E0B4-4237-81FC-BED96C1F07E7}.Release|Any CPU.ActiveCfg = Release|Any CPU
		{AAC1AFBF-E0B4-4237-81FC-BED96C1F07E7}.Release|Any CPU.Build.0 = Release|Any CPU
		{6031C83C-E153-47DF-BA0E-22F44E451C2B}.Debug|Any CPU.ActiveCfg = Debug|Any CPU
		{6031C83C-E153-47DF-BA0E-22F44E451C2B}.Debug|Any CPU.Build.0 = Debug|Any CPU
		{6031C83C-E153-47DF-BA0E-22F44E451C2B}.Release|Any CPU.ActiveCfg = Release|Any CPU
		{6031C83C-E153-47DF-BA0E-22F44E451C2B}.Release|Any CPU.Build.0 = Release|Any CPU
		{0BB1904B-F0DB-4F1E-B395-7742A303D8F4}.Debug|Any CPU.ActiveCfg = Debug|Any CPU
		{0BB1904B-F0DB-4F1E-B395-7742A303D8F4}.Debug|Any CPU.Build.0 = Debug|Any CPU
		{0BB1904B-F0DB-4F1E-B395-7742A303D8F4}.Release|Any CPU.ActiveCfg = Release|Any CPU
		{0BB1904B-F0DB-4F1E-B395-7742A303D8F4}.Release|Any CPU.Build.0 = Release|Any CPU
		{4735DB28-98F9-4B16-9AFB-24FC4467E625}.Debug|Any CPU.ActiveCfg = Debug|Any CPU
		{4735DB28-98F9-4B16-9AFB-24FC4467E625}.Debug|Any CPU.Build.0 = Debug|Any CPU
		{4735DB28-98F9-4B16-9AFB-24FC4467E625}.Release|Any CPU.ActiveCfg = Release|Any CPU
		{4735DB28-98F9-4B16-9AFB-24FC4467E625}.Release|Any CPU.Build.0 = Release|Any CPU
		{006A0AEF-03E3-4A37-9573-7E8250C16FDE}.Debug|Any CPU.ActiveCfg = Debug|Any CPU
		{006A0AEF-03E3-4A37-9573-7E8250C16FDE}.Debug|Any CPU.Build.0 = Debug|Any CPU
		{006A0AEF-03E3-4A37-9573-7E8250C16FDE}.Release|Any CPU.ActiveCfg = Release|Any CPU
		{006A0AEF-03E3-4A37-9573-7E8250C16FDE}.Release|Any CPU.Build.0 = Release|Any CPU
	EndGlobalSection
	GlobalSection(SolutionProperties) = preSolution
		HideSolutionNode = FALSE
	EndGlobalSection
	GlobalSection(ExtensibilityGlobals) = postSolution
		SolutionGuid = {28749E2F-B31C-4B83-AC9C-70D13A349084}
	EndGlobalSection
EndGlobal
