
Microsoft Visual Studio Solution File, Format Version 12.00
# Visual Studio Version 16
VisualStudioVersion = 16.0.30320.27
MinimumVisualStudioVersion = 10.0.40219.1
Project("{FAE04EC0-301F-11D3-BF4B-00C04F79EFBC}") = "DotNetPractice_200731.ConsoleApp1", "DotNetPractice_200731.ConsoleApp1\DotNetPractice_200731.ConsoleApp1.csproj", "{1B8BE457-695C-4FDA-84D7-82EDBEBAA2DF}"
EndProject
Project("{FAE04EC0-301F-11D3-BF4B-00C04F79EFBC}") = "FileCopy", "FileCopy\FileCopy.csproj", "{79B518AA-5257-49CB-96C2-FD4AF6024F83}"
EndProject
Global
	GlobalSection(SolutionConfigurationPlatforms) = preSolution
		Debug|Any CPU = Debug|Any CPU
		Release|Any CPU = Release|Any CPU
	EndGlobalSection
	GlobalSection(ProjectConfigurationPlatforms) = postSolution
		{1B8BE457-695C-4FDA-84D7-82EDBEBAA2DF}.Debug|Any CPU.ActiveCfg = Debug|Any CPU
		{1B8BE457-695C-4FDA-84D7-82EDBEBAA2DF}.Debug|Any CPU.Build.0 = Debug|Any CPU
		{1B8BE457-695C-4FDA-84D7-82EDBEBAA2DF}.Release|Any CPU.ActiveCfg = Release|Any CPU
		{1B8BE457-695C-4FDA-84D7-82EDBEBAA2DF}.Release|Any CPU.Build.0 = Release|Any CPU
		{79B518AA-5257-49CB-96C2-FD4AF6024F83}.Debug|Any CPU.ActiveCfg = Debug|Any CPU
		{79B518AA-5257-49CB-96C2-FD4AF6024F83}.Debug|Any CPU.Build.0 = Debug|Any CPU
		{79B518AA-5257-49CB-96C2-FD4AF6024F83}.Release|Any CPU.ActiveCfg = Release|Any CPU
		{79B518AA-5257-49CB-96C2-FD4AF6024F83}.Release|Any CPU.Build.0 = Release|Any CPU
	EndGlobalSection
	GlobalSection(SolutionProperties) = preSolution
		HideSolutionNode = FALSE
	EndGlobalSection
	GlobalSection(ExtensibilityGlobals) = postSolution
		SolutionGuid = {28749E2F-B31C-4B83-AC9C-70D13A349084}
	EndGlobalSection
EndGlobal
